// !$*UTF8*$!
{
	archiveVersion = 1;
	classes = {
	};
	objectVersion = 56;
	objects = {

/* Begin PBXBuildFile section */
		4D61C9AC29A4AECC008267EF /* AppDelegate.swift in Sources */ = {isa = PBXBuildFile; fileRef = 4D61C9AB29A4AECC008267EF /* AppDelegate.swift */; };
		4D61C9AE29A4AECC008267EF /* SceneDelegate.swift in Sources */ = {isa = PBXBuildFile; fileRef = 4D61C9AD29A4AECC008267EF /* SceneDelegate.swift */; };
		4D61C9B529A4AECE008267EF /* Assets.xcassets in Resources */ = {isa = PBXBuildFile; fileRef = 4D61C9B429A4AECE008267EF /* Assets.xcassets */; };
		4D61C9B829A4AECE008267EF /* LaunchScreen.storyboard in Resources */ = {isa = PBXBuildFile; fileRef = 4D61C9B629A4AECE008267EF /* LaunchScreen.storyboard */; };
		4D61C9C429A4B04B008267EF /* StateCollectionViewCell.swift in Sources */ = {isa = PBXBuildFile; fileRef = 4D61C9C229A4B04B008267EF /* StateCollectionViewCell.swift */; };
		4D61C9C529A4B04B008267EF /* StateWhisChecMarkTableViewCell.swift in Sources */ = {isa = PBXBuildFile; fileRef = 4D61C9C329A4B04B008267EF /* StateWhisChecMarkTableViewCell.swift */; };
		4D61C9C929A4B1AE008267EF /* UkraineStatesViewController.swift in Sources */ = {isa = PBXBuildFile; fileRef = 4D61C9C729A4B1AE008267EF /* UkraineStatesViewController.swift */; };
		4D61C9CA29A4B1AE008267EF /* UkraineStatesViewPresenter.swift in Sources */ = {isa = PBXBuildFile; fileRef = 4D61C9C829A4B1AE008267EF /* UkraineStatesViewPresenter.swift */; };
		4D61C9CE29A4B1D9008267EF /* StatesListView.swift in Sources */ = {isa = PBXBuildFile; fileRef = 4D61C9CC29A4B1D9008267EF /* StatesListView.swift */; };
		4D61C9CF29A4B1D9008267EF /* UkraineMapView.swift in Sources */ = {isa = PBXBuildFile; fileRef = 4D61C9CD29A4B1D9008267EF /* UkraineMapView.swift */; };
		4D61C9D429A4B4CF008267EF /* Model.swift in Sources */ = {isa = PBXBuildFile; fileRef = 4D61C9D329A4B4CF008267EF /* Model.swift */; };
		4D61C9D629A4B574008267EF /* PopUpTableViewController.swift in Sources */ = {isa = PBXBuildFile; fileRef = 4D61C9D529A4B574008267EF /* PopUpTableViewController.swift */; };
		4D61C9D929A4B8C7008267EF /* CALayer + Extension .swift in Sources */ = {isa = PBXBuildFile; fileRef = 4D61C9D829A4B8C7008267EF /* CALayer + Extension .swift */; };
		4D61C9DB29A4B8EB008267EF /* String  + Extension.swift in Sources */ = {isa = PBXBuildFile; fileRef = 4D61C9DA29A4B8EB008267EF /* String  + Extension.swift */; };
		4D61C9DD29A4B92F008267EF /* CGColor + Extension.swift in Sources */ = {isa = PBXBuildFile; fileRef = 4D61C9DC29A4B92E008267EF /* CGColor + Extension.swift */; };
		4D61C9DF29A4B9C1008267EF /* ukraine-cropped.svg in Resources */ = {isa = PBXBuildFile; fileRef = 4D61C9DE29A4B9C1008267EF /* ukraine-cropped.svg */; };
		5294B21E713B0ACDC977001F /* Pods_MapOfUkraine.framework in Frameworks */ = {isa = PBXBuildFile; fileRef = C30595841DAD0FCD70DC3E7F /* Pods_MapOfUkraine.framework */; };
/* End PBXBuildFile section */

/* Begin PBXFileReference section */
		4D61C9A829A4AECC008267EF /* MapOfUkraine.app */ = {isa = PBXFileReference; explicitFileType = wrapper.application; includeInIndex = 0; path = MapOfUkraine.app; sourceTree = BUILT_PRODUCTS_DIR; };
		4D61C9AB29A4AECC008267EF /* AppDelegate.swift */ = {isa = PBXFileReference; lastKnownFileType = sourcecode.swift; path = AppDelegate.swift; sourceTree = "<group>"; };
		4D61C9AD29A4AECC008267EF /* SceneDelegate.swift */ = {isa = PBXFileReference; lastKnownFileType = sourcecode.swift; path = SceneDelegate.swift; sourceTree = "<group>"; };
		4D61C9B429A4AECE008267EF /* Assets.xcassets */ = {isa = PBXFileReference; lastKnownFileType = folder.assetcatalog; path = Assets.xcassets; sourceTree = "<group>"; };
		4D61C9B729A4AECE008267EF /* Base */ = {isa = PBXFileReference; lastKnownFileType = file.storyboard; name = Base; path = Base.lproj/LaunchScreen.storyboard; sourceTree = "<group>"; };
		4D61C9B929A4AECE008267EF /* Info.plist */ = {isa = PBXFileReference; lastKnownFileType = text.plist.xml; path = Info.plist; sourceTree = "<group>"; };
		4D61C9C229A4B04B008267EF /* StateCollectionViewCell.swift */ = {isa = PBXFileReference; fileEncoding = 4; lastKnownFileType = sourcecode.swift; path = StateCollectionViewCell.swift; sourceTree = "<group>"; };
		4D61C9C329A4B04B008267EF /* StateWhisChecMarkTableViewCell.swift */ = {isa = PBXFileReference; fileEncoding = 4; lastKnownFileType = sourcecode.swift; path = StateWhisChecMarkTableViewCell.swift; sourceTree = "<group>"; };
		4D61C9C729A4B1AE008267EF /* UkraineStatesViewController.swift */ = {isa = PBXFileReference; fileEncoding = 4; lastKnownFileType = sourcecode.swift; path = UkraineStatesViewController.swift; sourceTree = "<group>"; };
		4D61C9C829A4B1AE008267EF /* UkraineStatesViewPresenter.swift */ = {isa = PBXFileReference; fileEncoding = 4; lastKnownFileType = sourcecode.swift; path = UkraineStatesViewPresenter.swift; sourceTree = "<group>"; };
		4D61C9CC29A4B1D9008267EF /* StatesListView.swift */ = {isa = PBXFileReference; fileEncoding = 4; lastKnownFileType = sourcecode.swift; path = StatesListView.swift; sourceTree = "<group>"; };
		4D61C9CD29A4B1D9008267EF /* UkraineMapView.swift */ = {isa = PBXFileReference; fileEncoding = 4; lastKnownFileType = sourcecode.swift; path = UkraineMapView.swift; sourceTree = "<group>"; };
		4D61C9D329A4B4CF008267EF /* Model.swift */ = {isa = PBXFileReference; lastKnownFileType = sourcecode.swift; path = Model.swift; sourceTree = "<group>"; };
		4D61C9D529A4B574008267EF /* PopUpTableViewController.swift */ = {isa = PBXFileReference; fileEncoding = 4; lastKnownFileType = sourcecode.swift; path = PopUpTableViewController.swift; sourceTree = "<group>"; };
		4D61C9D829A4B8C7008267EF /* CALayer + Extension .swift */ = {isa = PBXFileReference; lastKnownFileType = sourcecode.swift; path = "CALayer + Extension .swift"; sourceTree = "<group>"; };
		4D61C9DA29A4B8EB008267EF /* String  + Extension.swift */ = {isa = PBXFileReference; lastKnownFileType = sourcecode.swift; path = "String  + Extension.swift"; sourceTree = "<group>"; };
		4D61C9DC29A4B92E008267EF /* CGColor + Extension.swift */ = {isa = PBXFileReference; lastKnownFileType = sourcecode.swift; path = "CGColor + Extension.swift"; sourceTree = "<group>"; };
		4D61C9DE29A4B9C1008267EF /* ukraine-cropped.svg */ = {isa = PBXFileReference; fileEncoding = 4; lastKnownFileType = text; path = "ukraine-cropped.svg"; sourceTree = "<group>"; };
		6419B1E85EC688443D32B8C6 /* Pods-MapOfUkraine.release.xcconfig */ = {isa = PBXFileReference; includeInIndex = 1; lastKnownFileType = text.xcconfig; name = "Pods-MapOfUkraine.release.xcconfig"; path = "Target Support Files/Pods-MapOfUkraine/Pods-MapOfUkraine.release.xcconfig"; sourceTree = "<group>"; };
		7D6C595C1039D174155A12DE /* Pods-MapOfUkraine.debug.xcconfig */ = {isa = PBXFileReference; includeInIndex = 1; lastKnownFileType = text.xcconfig; name = "Pods-MapOfUkraine.debug.xcconfig"; path = "Target Support Files/Pods-MapOfUkraine/Pods-MapOfUkraine.debug.xcconfig"; sourceTree = "<group>"; };
		C30595841DAD0FCD70DC3E7F /* Pods_MapOfUkraine.framework */ = {isa = PBXFileReference; explicitFileType = wrapper.framework; includeInIndex = 0; path = Pods_MapOfUkraine.framework; sourceTree = BUILT_PRODUCTS_DIR; };
/* End PBXFileReference section */

/* Begin PBXFrameworksBuildPhase section */
		4D61C9A529A4AECC008267EF /* Frameworks */ = {
			isa = PBXFrameworksBuildPhase;
			buildActionMask = 2147483647;
			files = (
				5294B21E713B0ACDC977001F /* Pods_MapOfUkraine.framework in Frameworks */,
			);
			runOnlyForDeploymentPostprocessing = 0;
		};
/* End PBXFrameworksBuildPhase section */

/* Begin PBXGroup section */
		4796A7B44494C9000AD108EC /* Frameworks */ = {
			isa = PBXGroup;
			children = (
				C30595841DAD0FCD70DC3E7F /* Pods_MapOfUkraine.framework */,
			);
			name = Frameworks;
			sourceTree = "<group>";
		};
		4D61C99F29A4AECC008267EF = {
			isa = PBXGroup;
			children = (
				4D61C9AA29A4AECC008267EF /* MapOfUkraine */,
				4D61C9A929A4AECC008267EF /* Products */,
				ED41AB3283B2045154049A5B /* Pods */,
				4796A7B44494C9000AD108EC /* Frameworks */,
			);
			sourceTree = "<group>";
		};
		4D61C9A929A4AECC008267EF /* Products */ = {
			isa = PBXGroup;
			children = (
				4D61C9A829A4AECC008267EF /* MapOfUkraine.app */,
			);
			name = Products;
			sourceTree = "<group>";
		};
		4D61C9AA29A4AECC008267EF /* MapOfUkraine */ = {
			isa = PBXGroup;
			children = (
				4D61C9AB29A4AECC008267EF /* AppDelegate.swift */,
				4D61C9AD29A4AECC008267EF /* SceneDelegate.swift */,
				4D61C9C629A4B19B008267EF /* MapStatesModule */,
				4D61C9C129A4B02B008267EF /* Cells */,
				4D61C9D729A4B8B6008267EF /* Extensions */,
				4D61C9B429A4AECE008267EF /* Assets.xcassets */,
				4D61C9DE29A4B9C1008267EF /* ukraine-cropped.svg */,
				4D61C9B629A4AECE008267EF /* LaunchScreen.storyboard */,
				4D61C9B929A4AECE008267EF /* Info.plist */,
			);
			path = MapOfUkraine;
			sourceTree = "<group>";
		};
		4D61C9C129A4B02B008267EF /* Cells */ = {
			isa = PBXGroup;
			children = (
				4D61C9C229A4B04B008267EF /* StateCollectionViewCell.swift */,
				4D61C9C329A4B04B008267EF /* StateWhisChecMarkTableViewCell.swift */,
			);
			path = Cells;
			sourceTree = "<group>";
		};
		4D61C9C629A4B19B008267EF /* MapStatesModule */ = {
			isa = PBXGroup;
			children = (
				4D61C9D229A4B49A008267EF /* MOdel */,
				4D61C9D029A4B46A008267EF /* View */,
				4D61C9D129A4B473008267EF /* Presenter */,
			);
			path = MapStatesModule;
			sourceTree = "<group>";
		};
		4D61C9CB29A4B1C7008267EF /* SubViews */ = {
			isa = PBXGroup;
			children = (
				4D61C9D529A4B574008267EF /* PopUpTableViewController.swift */,
				4D61C9CC29A4B1D9008267EF /* StatesListView.swift */,
				4D61C9CD29A4B1D9008267EF /* UkraineMapView.swift */,
			);
			path = SubViews;
			sourceTree = "<group>";
		};
		4D61C9D029A4B46A008267EF /* View */ = {
			isa = PBXGroup;
			children = (
				4D61C9C729A4B1AE008267EF /* UkraineStatesViewController.swift */,
				4D61C9CB29A4B1C7008267EF /* SubViews */,
			);
			path = View;
			sourceTree = "<group>";
		};
		4D61C9D129A4B473008267EF /* Presenter */ = {
			isa = PBXGroup;
			children = (
				4D61C9C829A4B1AE008267EF /* UkraineStatesViewPresenter.swift */,
			);
			path = Presenter;
			sourceTree = "<group>";
		};
		4D61C9D229A4B49A008267EF /* MOdel */ = {
			isa = PBXGroup;
			children = (
				4D61C9D329A4B4CF008267EF /* Model.swift */,
			);
			path = MOdel;
			sourceTree = "<group>";
		};
		4D61C9D729A4B8B6008267EF /* Extensions */ = {
			isa = PBXGroup;
			children = (
				4D61C9D829A4B8C7008267EF /* CALayer + Extension .swift */,
				4D61C9DA29A4B8EB008267EF /* String  + Extension.swift */,
				4D61C9DC29A4B92E008267EF /* CGColor + Extension.swift */,
			);
			path = Extensions;
			sourceTree = "<group>";
		};
		ED41AB3283B2045154049A5B /* Pods */ = {
			isa = PBXGroup;
			children = (
				7D6C595C1039D174155A12DE /* Pods-MapOfUkraine.debug.xcconfig */,
				6419B1E85EC688443D32B8C6 /* Pods-MapOfUkraine.release.xcconfig */,
			);
			path = Pods;
			sourceTree = "<group>";
		};
/* End PBXGroup section */

/* Begin PBXNativeTarget section */
		4D61C9A729A4AECC008267EF /* MapOfUkraine */ = {
			isa = PBXNativeTarget;
			buildConfigurationList = 4D61C9BC29A4AECE008267EF /* Build configuration list for PBXNativeTarget "MapOfUkraine" */;
			buildPhases = (
				C668AC89E2FF2420044CEB78 /* [CP] Check Pods Manifest.lock */,
				4D61C9A429A4AECC008267EF /* Sources */,
				4D61C9A529A4AECC008267EF /* Frameworks */,
				4D61C9A629A4AECC008267EF /* Resources */,
				4594B6F888D716AA462AB10D /* [CP] Embed Pods Frameworks */,
			);
			buildRules = (
			);
			dependencies = (
			);
			name = MapOfUkraine;
			productName = MapOfUkraine;
			productReference = 4D61C9A829A4AECC008267EF /* MapOfUkraine.app */;
			productType = "com.apple.product-type.application";
		};
/* End PBXNativeTarget section */

/* Begin PBXProject section */
		4D61C9A029A4AECC008267EF /* Project object */ = {
			isa = PBXProject;
			attributes = {
				BuildIndependentTargetsInParallel = 1;
				LastSwiftUpdateCheck = 1400;
				LastUpgradeCheck = 1400;
				TargetAttributes = {
					4D61C9A729A4AECC008267EF = {
						CreatedOnToolsVersion = 14.0.1;
					};
				};
			};
			buildConfigurationList = 4D61C9A329A4AECC008267EF /* Build configuration list for PBXProject "MapOfUkraine" */;
			compatibilityVersion = "Xcode 14.0";
			developmentRegion = en;
			hasScannedForEncodings = 0;
			knownRegions = (
				en,
				Base,
			);
			mainGroup = 4D61C99F29A4AECC008267EF;
			productRefGroup = 4D61C9A929A4AECC008267EF /* Products */;
			projectDirPath = "";
			projectRoot = "";
			targets = (
				4D61C9A729A4AECC008267EF /* MapOfUkraine */,
			);
		};
/* End PBXProject section */

/* Begin PBXResourcesBuildPhase section */
		4D61C9A629A4AECC008267EF /* Resources */ = {
			isa = PBXResourcesBuildPhase;
			buildActionMask = 2147483647;
			files = (
				4D61C9B829A4AECE008267EF /* LaunchScreen.storyboard in Resources */,
				4D61C9DF29A4B9C1008267EF /* ukraine-cropped.svg in Resources */,
				4D61C9B529A4AECE008267EF /* Assets.xcassets in Resources */,
			);
			runOnlyForDeploymentPostprocessing = 0;
		};
/* End PBXResourcesBuildPhase section */

/* Begin PBXShellScriptBuildPhase section */
		4594B6F888D716AA462AB10D /* [CP] Embed Pods Frameworks */ = {
			isa = PBXShellScriptBuildPhase;
			buildActionMask = 2147483647;
			files = (
			);
			inputFileListPaths = (
				"${PODS_ROOT}/Target Support Files/Pods-MapOfUkraine/Pods-MapOfUkraine-frameworks-${CONFIGURATION}-input-files.xcfilelist",
			);
			name = "[CP] Embed Pods Frameworks";
			outputFileListPaths = (
				"${PODS_ROOT}/Target Support Files/Pods-MapOfUkraine/Pods-MapOfUkraine-frameworks-${CONFIGURATION}-output-files.xcfilelist",
			);
			runOnlyForDeploymentPostprocessing = 0;
			shellPath = /bin/sh;
			shellScript = "\"${PODS_ROOT}/Target Support Files/Pods-MapOfUkraine/Pods-MapOfUkraine-frameworks.sh\"\n";
			showEnvVarsInLog = 0;
		};
		C668AC89E2FF2420044CEB78 /* [CP] Check Pods Manifest.lock */ = {
			isa = PBXShellScriptBuildPhase;
			buildActionMask = 2147483647;
			files = (
			);
			inputFileListPaths = (
			);
			inputPaths = (
				"${PODS_PODFILE_DIR_PATH}/Podfile.lock",
				"${PODS_ROOT}/Manifest.lock",
			);
			name = "[CP] Check Pods Manifest.lock";
			outputFileListPaths = (
			);
			outputPaths = (
				"$(DERIVED_FILE_DIR)/Pods-MapOfUkraine-checkManifestLockResult.txt",
			);
			runOnlyForDeploymentPostprocessing = 0;
			shellPath = /bin/sh;
			shellScript = "diff \"${PODS_PODFILE_DIR_PATH}/Podfile.lock\" \"${PODS_ROOT}/Manifest.lock\" > /dev/null\nif [ $? != 0 ] ; then\n    # print error to STDERR\n    echo \"error: The sandbox is not in sync with the Podfile.lock. Run 'pod install' or update your CocoaPods installation.\" >&2\n    exit 1\nfi\n# This output is used by Xcode 'outputs' to avoid re-running this script phase.\necho \"SUCCESS\" > \"${SCRIPT_OUTPUT_FILE_0}\"\n";
			showEnvVarsInLog = 0;
		};
/* End PBXShellScriptBuildPhase section */

/* Begin PBXSourcesBuildPhase section */
		4D61C9A429A4AECC008267EF /* Sources */ = {
			isa = PBXSourcesBuildPhase;
			buildActionMask = 2147483647;
			files = (
				4D61C9CE29A4B1D9008267EF /* StatesListView.swift in Sources */,
				4D61C9DD29A4B92F008267EF /* CGColor + Extension.swift in Sources */,
				4D61C9C429A4B04B008267EF /* StateCollectionViewCell.swift in Sources */,
				4D61C9C929A4B1AE008267EF /* UkraineStatesViewController.swift in Sources */,
				4D61C9AC29A4AECC008267EF /* AppDelegate.swift in Sources */,
				4D61C9D629A4B574008267EF /* PopUpTableViewController.swift in Sources */,
				4D61C9C529A4B04B008267EF /* StateWhisChecMarkTableViewCell.swift in Sources */,
				4D61C9CA29A4B1AE008267EF /* UkraineStatesViewPresenter.swift in Sources */,
				4D61C9DB29A4B8EB008267EF /* String  + Extension.swift in Sources */,
				4D61C9D929A4B8C7008267EF /* CALayer + Extension .swift in Sources */,
				4D61C9D429A4B4CF008267EF /* Model.swift in Sources */,
				4D61C9AE29A4AECC008267EF /* SceneDelegate.swift in Sources */,
				4D61C9CF29A4B1D9008267EF /* UkraineMapView.swift in Sources */,
			);
			runOnlyForDeploymentPostprocessing = 0;
		};
/* End PBXSourcesBuildPhase section */

/* Begin PBXVariantGroup section */
		4D61C9B629A4AECE008267EF /* LaunchScreen.storyboard */ = {
			isa = PBXVariantGroup;
			children = (
				4D61C9B729A4AECE008267EF /* Base */,
			);
			name = LaunchScreen.storyboard;
			sourceTree = "<group>";
		};
/* End PBXVariantGroup section */

/* Begin XCBuildConfiguration section */
		4D61C9BA29A4AECE008267EF /* Debug */ = {
			isa = XCBuildConfiguration;
			buildSettings = {
				ALWAYS_SEARCH_USER_PATHS = NO;
				CLANG_ANALYZER_NONNULL = YES;
				CLANG_ANALYZER_NUMBER_OBJECT_CONVERSION = YES_AGGRESSIVE;
				CLANG_CXX_LANGUAGE_STANDARD = "gnu++20";
				CLANG_ENABLE_MODULES = YES;
				CLANG_ENABLE_OBJC_ARC = YES;
				CLANG_ENABLE_OBJC_WEAK = YES;
				CLANG_WARN_BLOCK_CAPTURE_AUTORELEASING = YES;
				CLANG_WARN_BOOL_CONVERSION = YES;
				CLANG_WARN_COMMA = YES;
				CLANG_WARN_CONSTANT_CONVERSION = YES;
				CLANG_WARN_DEPRECATED_OBJC_IMPLEMENTATIONS = YES;
				CLANG_WARN_DIRECT_OBJC_ISA_USAGE = YES_ERROR;
				CLANG_WARN_DOCUMENTATION_COMMENTS = YES;
				CLANG_WARN_EMPTY_BODY = YES;
				CLANG_WARN_ENUM_CONVERSION = YES;
				CLANG_WARN_INFINITE_RECURSION = YES;
				CLANG_WARN_INT_CONVERSION = YES;
				CLANG_WARN_NON_LITERAL_NULL_CONVERSION = YES;
				CLANG_WARN_OBJC_IMPLICIT_RETAIN_SELF = YES;
				CLANG_WARN_OBJC_LITERAL_CONVERSION = YES;
				CLANG_WARN_OBJC_ROOT_CLASS = YES_ERROR;
				CLANG_WARN_QUOTED_INCLUDE_IN_FRAMEWORK_HEADER = YES;
				CLANG_WARN_RANGE_LOOP_ANALYSIS = YES;
				CLANG_WARN_STRICT_PROTOTYPES = YES;
				CLANG_WARN_SUSPICIOUS_MOVE = YES;
				CLANG_WARN_UNGUARDED_AVAILABILITY = YES_AGGRESSIVE;
				CLANG_WARN_UNREACHABLE_CODE = YES;
				CLANG_WARN__DUPLICATE_METHOD_MATCH = YES;
				COPY_PHASE_STRIP = NO;
				DEBUG_INFORMATION_FORMAT = dwarf;
				ENABLE_STRICT_OBJC_MSGSEND = YES;
				ENABLE_TESTABILITY = YES;
				GCC_C_LANGUAGE_STANDARD = gnu11;
				GCC_DYNAMIC_NO_PIC = NO;
				GCC_NO_COMMON_BLOCKS = YES;
				GCC_OPTIMIZATION_LEVEL = 0;
				GCC_PREPROCESSOR_DEFINITIONS = (
					"DEBUG=1",
					"$(inherited)",
				);
				GCC_WARN_64_TO_32_BIT_CONVERSION = YES;
				GCC_WARN_ABOUT_RETURN_TYPE = YES_ERROR;
				GCC_WARN_UNDECLARED_SELECTOR = YES;
				GCC_WARN_UNINITIALIZED_AUTOS = YES_AGGRESSIVE;
				GCC_WARN_UNUSED_FUNCTION = YES;
				GCC_WARN_UNUSED_VARIABLE = YES;
				IPHONEOS_DEPLOYMENT_TARGET = 13.3;
				MTL_ENABLE_DEBUG_INFO = INCLUDE_SOURCE;
				MTL_FAST_MATH = YES;
				ONLY_ACTIVE_ARCH = YES;
				SDKROOT = iphoneos;
				SWIFT_ACTIVE_COMPILATION_CONDITIONS = DEBUG;
				SWIFT_OPTIMIZATION_LEVEL = "-Onone";
			};
			name = Debug;
		};
		4D61C9BB29A4AECE008267EF /* Release */ = {
			isa = XCBuildConfiguration;
			buildSettings = {
				ALWAYS_SEARCH_USER_PATHS = NO;
				CLANG_ANALYZER_NONNULL = YES;
				CLANG_ANALYZER_NUMBER_OBJECT_CONVERSION = YES_AGGRESSIVE;
				CLANG_CXX_LANGUAGE_STANDARD = "gnu++20";
				CLANG_ENABLE_MODULES = YES;
				CLANG_ENABLE_OBJC_ARC = YES;
				CLANG_ENABLE_OBJC_WEAK = YES;
				CLANG_WARN_BLOCK_CAPTURE_AUTORELEASING = YES;
				CLANG_WARN_BOOL_CONVERSION = YES;
				CLANG_WARN_COMMA = YES;
				CLANG_WARN_CONSTANT_CONVERSION = YES;
				CLANG_WARN_DEPRECATED_OBJC_IMPLEMENTATIONS = YES;
				CLANG_WARN_DIRECT_OBJC_ISA_USAGE = YES_ERROR;
				CLANG_WARN_DOCUMENTATION_COMMENTS = YES;
				CLANG_WARN_EMPTY_BODY = YES;
				CLANG_WARN_ENUM_CONVERSION = YES;
				CLANG_WARN_INFINITE_RECURSION = YES;
				CLANG_WARN_INT_CONVERSION = YES;
				CLANG_WARN_NON_LITERAL_NULL_CONVERSION = YES;
				CLANG_WARN_OBJC_IMPLICIT_RETAIN_SELF = YES;
				CLANG_WARN_OBJC_LITERAL_CONVERSION = YES;
				CLANG_WARN_OBJC_ROOT_CLASS = YES_ERROR;
				CLANG_WARN_QUOTED_INCLUDE_IN_FRAMEWORK_HEADER = YES;
				CLANG_WARN_RANGE_LOOP_ANALYSIS = YES;
				CLANG_WARN_STRICT_PROTOTYPES = YES;
				CLANG_WARN_SUSPICIOUS_MOVE = YES;
				CLANG_WARN_UNGUARDED_AVAILABILITY = YES_AGGRESSIVE;
				CLANG_WARN_UNREACHABLE_CODE = YES;
				CLANG_WARN__DUPLICATE_METHOD_MATCH = YES;
				COPY_PHASE_STRIP = NO;
				DEBUG_INFORMATION_FORMAT = "dwarf-with-dsym";
				ENABLE_NS_ASSERTIONS = NO;
				ENABLE_STRICT_OBJC_MSGSEND = YES;
				GCC_C_LANGUAGE_STANDARD = gnu11;
				GCC_NO_COMMON_BLOCKS = YES;
				GCC_WARN_64_TO_32_BIT_CONVERSION = YES;
				GCC_WARN_ABOUT_RETURN_TYPE = YES_ERROR;
				GCC_WARN_UNDECLARED_SELECTOR = YES;
				GCC_WARN_UNINITIALIZED_AUTOS = YES_AGGRESSIVE;
				GCC_WARN_UNUSED_FUNCTION = YES;
				GCC_WARN_UNUSED_VARIABLE = YES;
				IPHONEOS_DEPLOYMENT_TARGET = 13.3;
				MTL_ENABLE_DEBUG_INFO = NO;
				MTL_FAST_MATH = YES;
				SDKROOT = iphoneos;
				SWIFT_COMPILATION_MODE = wholemodule;
				SWIFT_OPTIMIZATION_LEVEL = "-O";
				VALIDATE_PRODUCT = YES;
			};
			name = Release;
		};
		4D61C9BD29A4AECE008267EF /* Debug */ = {
			isa = XCBuildConfiguration;
			baseConfigurationReference = 7D6C595C1039D174155A12DE /* Pods-MapOfUkraine.debug.xcconfig */;
			buildSettings = {
				ASSETCATALOG_COMPILER_APPICON_NAME = AppIcon;
				ASSETCATALOG_COMPILER_GLOBAL_ACCENT_COLOR_NAME = AccentColor;
				CODE_SIGN_STYLE = Automatic;
				CURRENT_PROJECT_VERSION = 1;
				DEVELOPMENT_TEAM = 597UW8QG76;
				GENERATE_INFOPLIST_FILE = YES;
				INFOPLIST_FILE = MapOfUkraine/Info.plist;
				INFOPLIST_KEY_UIApplicationSupportsIndirectInputEvents = YES;
				INFOPLIST_KEY_UILaunchStoryboardName = LaunchScreen;
				INFOPLIST_KEY_UISupportedInterfaceOrientations_iPad = "UIInterfaceOrientationPortrait UIInterfaceOrientationPortraitUpsideDown UIInterfaceOrientationLandscapeLeft UIInterfaceOrientationLandscapeRight";
				INFOPLIST_KEY_UISupportedInterfaceOrientations_iPhone = "UIInterfaceOrientationPortrait UIInterfaceOrientationLandscapeLeft UIInterfaceOrientationLandscapeRight";
				LD_RUNPATH_SEARCH_PATHS = (
					"$(inherited)",
					"@executable_path/Frameworks",
				);
				MARKETING_VERSION = 1.0;
				PRODUCT_BUNDLE_IDENTIFIER = nopassport.MapOfUkraine;
				PRODUCT_NAME = "$(TARGET_NAME)";
				SWIFT_EMIT_LOC_STRINGS = YES;
				SWIFT_VERSION = 5.0;
				TARGETED_DEVICE_FAMILY = "1,2";
			};
			name = Debug;
		};
		4D61C9BE29A4AECE008267EF /* Release */ = {
			isa = XCBuildConfiguration;
			baseConfigurationReference = 6419B1E85EC688443D32B8C6 /* Pods-MapOfUkraine.release.xcconfig */;
			buildSettings = {
				ASSETCATALOG_COMPILER_APPICON_NAME = AppIcon;
				ASSETCATALOG_COMPILER_GLOBAL_ACCENT_COLOR_NAME = AccentColor;
				CODE_SIGN_STYLE = Automatic;
				CURRENT_PROJECT_VERSION = 1;
				DEVELOPMENT_TEAM = 597UW8QG76;
				GENERATE_INFOPLIST_FILE = YES;
				INFOPLIST_FILE = MapOfUkraine/Info.plist;
				INFOPLIST_KEY_UIApplicationSupportsIndirectInputEvents = YES;
				INFOPLIST_KEY_UILaunchStoryboardName = LaunchScreen;
				INFOPLIST_KEY_UISupportedInterfaceOrientations_iPad = "UIInterfaceOrientationPortrait UIInterfaceOrientationPortraitUpsideDown UIInterfaceOrientationLandscapeLeft UIInterfaceOrientationLandscapeRight";
				INFOPLIST_KEY_UISupportedInterfaceOrientations_iPhone = "UIInterfaceOrientationPortrait UIInterfaceOrientationLandscapeLeft UIInterfaceOrientationLandscapeRight";
				LD_RUNPATH_SEARCH_PATHS = (
					"$(inherited)",
					"@executable_path/Frameworks",
				);
				MARKETING_VERSION = 1.0;
				PRODUCT_BUNDLE_IDENTIFIER = nopassport.MapOfUkraine;
				PRODUCT_NAME = "$(TARGET_NAME)";
				SWIFT_EMIT_LOC_STRINGS = YES;
				SWIFT_VERSION = 5.0;
				TARGETED_DEVICE_FAMILY = "1,2";
			};
			name = Release;
		};
/* End XCBuildConfiguration section */

/* Begin XCConfigurationList section */
		4D61C9A329A4AECC008267EF /* Build configuration list for PBXProject "MapOfUkraine" */ = {
			isa = XCConfigurationList;
			buildConfigurations = (
				4D61C9BA29A4AECE008267EF /* Debug */,
				4D61C9BB29A4AECE008267EF /* Release */,
			);
			defaultConfigurationIsVisible = 0;
			defaultConfigurationName = Release;
		};
		4D61C9BC29A4AECE008267EF /* Build configuration list for PBXNativeTarget "MapOfUkraine" */ = {
			isa = XCConfigurationList;
			buildConfigurations = (
				4D61C9BD29A4AECE008267EF /* Debug */,
				4D61C9BE29A4AECE008267EF /* Release */,
			);
			defaultConfigurationIsVisible = 0;
			defaultConfigurationName = Release;
		};
/* End XCConfigurationList section */
	};
	rootObject = 4D61C9A029A4AECC008267EF /* Project object */;
}
